
Microsoft Visual Studio Solution File, Format Version 12.00
# Visual Studio 2012
Project("{FAE04EC0-301F-11D3-BF4B-00C04F79EFBC}") = "DCView", "DCView\DCView.csproj", "{97ED78CB-AEBE-46E7-B090-DF2844C5442F}"
EndProject
Project("{2150E333-8FDC-42A3-9474-1A3956D46DE8}") = ".nuget", ".nuget", "{C985C677-02E6-4034-AEB2-D7507AD7C546}"
	ProjectSection(SolutionItems) = preProject
		.nuget\NuGet.Config = .nuget\NuGet.Config
		.nuget\NuGet.exe = .nuget\NuGet.exe
		.nuget\NuGet.targets = .nuget\NuGet.targets
	EndProjectSection
EndProject
Project("{FAE04EC0-301F-11D3-BF4B-00C04F79EFBC}") = "SandBox", "SandBox\SandBox.csproj", "{B2568A8B-E9A8-46AE-BBB3-F290F3F49625}"
EndProject
Project("{FAE04EC0-301F-11D3-BF4B-00C04F79EFBC}") = "ParsingLib", "ParsingLib\ParsingLib.csproj", "{2C38445D-5DA5-4D46-88C2-2BBC5EE2FC53}"
EndProject
Project("{FAE04EC0-301F-11D3-BF4B-00C04F79EFBC}") = "CS.Windows.Controls.WP7", "CS.Windows.Controls.WP7\CS.Windows.Controls.WP7.csproj", "{62249A43-7585-4C60-91E3-31BF0AF18C21}"
EndProject
Global
	GlobalSection(SolutionConfigurationPlatforms) = preSolution
		Debug|Any CPU = Debug|Any CPU
		Debug|Mixed Platforms = Debug|Mixed Platforms
		Debug|x86 = Debug|x86
		Release|Any CPU = Release|Any CPU
		Release|Mixed Platforms = Release|Mixed Platforms
		Release|x86 = Release|x86
	EndGlobalSection
	GlobalSection(ProjectConfigurationPlatforms) = postSolution
		{97ED78CB-AEBE-46E7-B090-DF2844C5442F}.Debug|Any CPU.ActiveCfg = Debug|Any CPU
		{97ED78CB-AEBE-46E7-B090-DF2844C5442F}.Debug|Any CPU.Build.0 = Debug|Any CPU
		{97ED78CB-AEBE-46E7-B090-DF2844C5442F}.Debug|Any CPU.Deploy.0 = Debug|Any CPU
		{97ED78CB-AEBE-46E7-B090-DF2844C5442F}.Debug|Mixed Platforms.ActiveCfg = Debug|Any CPU
		{97ED78CB-AEBE-46E7-B090-DF2844C5442F}.Debug|Mixed Platforms.Build.0 = Debug|Any CPU
		{97ED78CB-AEBE-46E7-B090-DF2844C5442F}.Debug|x86.ActiveCfg = Debug|Any CPU
		{97ED78CB-AEBE-46E7-B090-DF2844C5442F}.Release|Any CPU.ActiveCfg = Release|Any CPU
		{97ED78CB-AEBE-46E7-B090-DF2844C5442F}.Release|Any CPU.Build.0 = Release|Any CPU
		{97ED78CB-AEBE-46E7-B090-DF2844C5442F}.Release|Any CPU.Deploy.0 = Release|Any CPU
		{97ED78CB-AEBE-46E7-B090-DF2844C5442F}.Release|Mixed Platforms.ActiveCfg = Release|Any CPU
		{97ED78CB-AEBE-46E7-B090-DF2844C5442F}.Release|Mixed Platforms.Build.0 = Release|Any CPU
		{97ED78CB-AEBE-46E7-B090-DF2844C5442F}.Release|Mixed Platforms.Deploy.0 = Release|Any CPU
		{97ED78CB-AEBE-46E7-B090-DF2844C5442F}.Release|x86.ActiveCfg = Release|Any CPU
		{B2568A8B-E9A8-46AE-BBB3-F290F3F49625}.Debug|Any CPU.ActiveCfg = Debug|Any CPU
		{B2568A8B-E9A8-46AE-BBB3-F290F3F49625}.Debug|Any CPU.Build.0 = Debug|Any CPU
		{B2568A8B-E9A8-46AE-BBB3-F290F3F49625}.Debug|Mixed Platforms.ActiveCfg = Debug|Any CPU
		{B2568A8B-E9A8-46AE-BBB3-F290F3F49625}.Debug|Mixed Platforms.Build.0 = Debug|Any CPU
		{B2568A8B-E9A8-46AE-BBB3-F290F3F49625}.Debug|x86.ActiveCfg = Debug|Any CPU
		{B2568A8B-E9A8-46AE-BBB3-F290F3F49625}.Debug|x86.Build.0 = Debug|Any CPU
		{B2568A8B-E9A8-46AE-BBB3-F290F3F49625}.Release|Any CPU.ActiveCfg = Release|Any CPU
		{B2568A8B-E9A8-46AE-BBB3-F290F3F49625}.Release|Mixed Platforms.ActiveCfg = Release|Any CPU
		{B2568A8B-E9A8-46AE-BBB3-F290F3F49625}.Release|Mixed Platforms.Build.0 = Release|Any CPU
		{B2568A8B-E9A8-46AE-BBB3-F290F3F49625}.Release|x86.ActiveCfg = Release|Any CPU
		{2C38445D-5DA5-4D46-88C2-2BBC5EE2FC53}.Debug|Any CPU.ActiveCfg = Debug|Any CPU
		{2C38445D-5DA5-4D46-88C2-2BBC5EE2FC53}.Debug|Any CPU.Build.0 = Debug|Any CPU
		{2C38445D-5DA5-4D46-88C2-2BBC5EE2FC53}.Debug|Mixed Platforms.ActiveCfg = Debug|Any CPU
		{2C38445D-5DA5-4D46-88C2-2BBC5EE2FC53}.Debug|Mixed Platforms.Build.0 = Debug|Any CPU
		{2C38445D-5DA5-4D46-88C2-2BBC5EE2FC53}.Debug|x86.ActiveCfg = Debug|Any CPU
		{2C38445D-5DA5-4D46-88C2-2BBC5EE2FC53}.Debug|x86.Build.0 = Debug|Any CPU
		{2C38445D-5DA5-4D46-88C2-2BBC5EE2FC53}.Release|Any CPU.ActiveCfg = Release|Any CPU
		{2C38445D-5DA5-4D46-88C2-2BBC5EE2FC53}.Release|Any CPU.Build.0 = Release|Any CPU
		{2C38445D-5DA5-4D46-88C2-2BBC5EE2FC53}.Release|Mixed Platforms.ActiveCfg = Release|Any CPU
		{2C38445D-5DA5-4D46-88C2-2BBC5EE2FC53}.Release|Mixed Platforms.Build.0 = Release|Any CPU
		{2C38445D-5DA5-4D46-88C2-2BBC5EE2FC53}.Release|x86.ActiveCfg = Release|Any CPU
		{62249A43-7585-4C60-91E3-31BF0AF18C21}.Debug|Any CPU.ActiveCfg = Debug|Any CPU
		{62249A43-7585-4C60-91E3-31BF0AF18C21}.Debug|Any CPU.Build.0 = Debug|Any CPU
		{62249A43-7585-4C60-91E3-31BF0AF18C21}.Debug|Mixed Platforms.ActiveCfg = Debug|Any CPU
		{62249A43-7585-4C60-91E3-31BF0AF18C21}.Debug|Mixed Platforms.Build.0 = Debug|Any CPU
		{62249A43-7585-4C60-91E3-31BF0AF18C21}.Debug|x86.ActiveCfg = Debug|Any CPU
		{62249A43-7585-4C60-91E3-31BF0AF18C21}.Release|Any CPU.ActiveCfg = Release|Any CPU
		{62249A43-7585-4C60-91E3-31BF0AF18C21}.Release|Any CPU.Build.0 = Release|Any CPU
		{62249A43-7585-4C60-91E3-31BF0AF18C21}.Release|Mixed Platforms.ActiveCfg = Release|Any CPU
		{62249A43-7585-4C60-91E3-31BF0AF18C21}.Release|Mixed Platforms.Build.0 = Release|Any CPU
		{62249A43-7585-4C60-91E3-31BF0AF18C21}.Release|x86.ActiveCfg = Release|Any CPU
	EndGlobalSection
	GlobalSection(SolutionProperties) = preSolution
		HideSolutionNode = FALSE
	EndGlobalSection
EndGlobal
